// !$*UTF8*$!
{
	archiveVersion = 1;
	classes = {
	};
	objectVersion = 52;
	objects = {

/* Begin PBXBuildFile section */
		33A6208126ED484F00051FD9 /* MovieDetailsViewController.swift in Sources */ = {isa = PBXBuildFile; fileRef = 33A6208026ED484F00051FD9 /* MovieDetailsViewController.swift */; };
		33A6208326EEFA5600051FD9 /* MovieGridViewController.swift in Sources */ = {isa = PBXBuildFile; fileRef = 33A6208226EEFA5600051FD9 /* MovieGridViewController.swift */; };
		33A6209126F0036900051FD9 /* MovieGridCell.swift in Sources */ = {isa = PBXBuildFile; fileRef = 33A6209026F0036900051FD9 /* MovieGridCell.swift */; };
		33F571ED26E6AD1600AB636F /* AppDelegate.swift in Sources */ = {isa = PBXBuildFile; fileRef = 33F571EC26E6AD1600AB636F /* AppDelegate.swift */; };
		33F571EF26E6AD1600AB636F /* SceneDelegate.swift in Sources */ = {isa = PBXBuildFile; fileRef = 33F571EE26E6AD1600AB636F /* SceneDelegate.swift */; };
		33F571F426E6AD1600AB636F /* Main.storyboard in Resources */ = {isa = PBXBuildFile; fileRef = 33F571F226E6AD1600AB636F /* Main.storyboard */; };
		33F571F626E6AD1700AB636F /* Assets.xcassets in Resources */ = {isa = PBXBuildFile; fileRef = 33F571F526E6AD1700AB636F /* Assets.xcassets */; };
		33F571F926E6AD1700AB636F /* LaunchScreen.storyboard in Resources */ = {isa = PBXBuildFile; fileRef = 33F571F726E6AD1700AB636F /* LaunchScreen.storyboard */; };
		33F5720426E6AD1800AB636F /* FlixTests.swift in Sources */ = {isa = PBXBuildFile; fileRef = 33F5720326E6AD1800AB636F /* FlixTests.swift */; };
		33F5720F26E6AD1800AB636F /* FlixUITests.swift in Sources */ = {isa = PBXBuildFile; fileRef = 33F5720E26E6AD1800AB636F /* FlixUITests.swift */; };
		33F5721D26E6AD4200AB636F /* MoviesViewController.swift in Sources */ = {isa = PBXBuildFile; fileRef = 33F5721C26E6AD4200AB636F /* MoviesViewController.swift */; };
		33F5722326E818E100AB636F /* MovieCell.swift in Sources */ = {isa = PBXBuildFile; fileRef = 33F5722226E818E100AB636F /* MovieCell.swift */; };
		33F5722626E81DAD00AB636F /* AlamofireImage in Frameworks */ = {isa = PBXBuildFile; productRef = 33F5722526E81DAD00AB636F /* AlamofireImage */; };
		3B50AE1EE5A4F8E0EFDA34C8 /* Pods_FlixTests.framework in Frameworks */ = {isa = PBXBuildFile; fileRef = CB263605254001F3BDEDBA52 /* Pods_FlixTests.framework */; };
		E25A750DB1976D67353E0463 /* Pods_Flix.framework in Frameworks */ = {isa = PBXBuildFile; fileRef = 7C2FEB803B698EE90FA71D98 /* Pods_Flix.framework */; };
		E5B823DF1E7AB37F400E5A07 /* Pods_Flix_FlixUITests.framework in Frameworks */ = {isa = PBXBuildFile; fileRef = E7CBDBBAB05A107B06074E38 /* Pods_Flix_FlixUITests.framework */; };
/* End PBXBuildFile section */

/* Begin PBXContainerItemProxy section */
		33F5720026E6AD1800AB636F /* PBXContainerItemProxy */ = {
			isa = PBXContainerItemProxy;
			containerPortal = 33F571E126E6AD1600AB636F /* Project object */;
			proxyType = 1;
			remoteGlobalIDString = 33F571E826E6AD1600AB636F;
			remoteInfo = Flix;
		};
		33F5720B26E6AD1800AB636F /* PBXContainerItemProxy */ = {
			isa = PBXContainerItemProxy;
			containerPortal = 33F571E126E6AD1600AB636F /* Project object */;
			proxyType = 1;
			remoteGlobalIDString = 33F571E826E6AD1600AB636F;
			remoteInfo = Flix;
		};
/* End PBXContainerItemProxy section */

/* Begin PBXFileReference section */
		3255770145040FD43FB2813F /* Pods-Flix-FlixUITests.release.xcconfig */ = {isa = PBXFileReference; includeInIndex = 1; lastKnownFileType = text.xcconfig; name = "Pods-Flix-FlixUITests.release.xcconfig"; path = "Target Support Files/Pods-Flix-FlixUITests/Pods-Flix-FlixUITests.release.xcconfig"; sourceTree = "<group>"; };
		33A6208026ED484F00051FD9 /* MovieDetailsViewController.swift */ = {isa = PBXFileReference; lastKnownFileType = sourcecode.swift; path = MovieDetailsViewController.swift; sourceTree = "<group>"; };
		33A6208226EEFA5600051FD9 /* MovieGridViewController.swift */ = {isa = PBXFileReference; lastKnownFileType = sourcecode.swift; path = MovieGridViewController.swift; sourceTree = "<group>"; };
		33A6209026F0036900051FD9 /* MovieGridCell.swift */ = {isa = PBXFileReference; lastKnownFileType = sourcecode.swift; path = MovieGridCell.swift; sourceTree = "<group>"; };
		33F571E926E6AD1600AB636F /* Flix.app */ = {isa = PBXFileReference; explicitFileType = wrapper.application; includeInIndex = 0; path = Flix.app; sourceTree = BUILT_PRODUCTS_DIR; };
		33F571EC26E6AD1600AB636F /* AppDelegate.swift */ = {isa = PBXFileReference; lastKnownFileType = sourcecode.swift; path = AppDelegate.swift; sourceTree = "<group>"; };
		33F571EE26E6AD1600AB636F /* SceneDelegate.swift */ = {isa = PBXFileReference; lastKnownFileType = sourcecode.swift; path = SceneDelegate.swift; sourceTree = "<group>"; };
		33F571F326E6AD1600AB636F /* Base */ = {isa = PBXFileReference; lastKnownFileType = file.storyboard; name = Base; path = Base.lproj/Main.storyboard; sourceTree = "<group>"; };
		33F571F526E6AD1700AB636F /* Assets.xcassets */ = {isa = PBXFileReference; lastKnownFileType = folder.assetcatalog; path = Assets.xcassets; sourceTree = "<group>"; };
		33F571F826E6AD1700AB636F /* Base */ = {isa = PBXFileReference; lastKnownFileType = file.storyboard; name = Base; path = Base.lproj/LaunchScreen.storyboard; sourceTree = "<group>"; };
		33F571FA26E6AD1700AB636F /* Info.plist */ = {isa = PBXFileReference; lastKnownFileType = text.plist.xml; path = Info.plist; sourceTree = "<group>"; };
		33F571FF26E6AD1800AB636F /* FlixTests.xctest */ = {isa = PBXFileReference; explicitFileType = wrapper.cfbundle; includeInIndex = 0; path = FlixTests.xctest; sourceTree = BUILT_PRODUCTS_DIR; };
		33F5720326E6AD1800AB636F /* FlixTests.swift */ = {isa = PBXFileReference; lastKnownFileType = sourcecode.swift; path = FlixTests.swift; sourceTree = "<group>"; };
		33F5720526E6AD1800AB636F /* Info.plist */ = {isa = PBXFileReference; lastKnownFileType = text.plist.xml; path = Info.plist; sourceTree = "<group>"; };
		33F5720A26E6AD1800AB636F /* FlixUITests.xctest */ = {isa = PBXFileReference; explicitFileType = wrapper.cfbundle; includeInIndex = 0; path = FlixUITests.xctest; sourceTree = BUILT_PRODUCTS_DIR; };
		33F5720E26E6AD1800AB636F /* FlixUITests.swift */ = {isa = PBXFileReference; lastKnownFileType = sourcecode.swift; path = FlixUITests.swift; sourceTree = "<group>"; };
		33F5721026E6AD1800AB636F /* Info.plist */ = {isa = PBXFileReference; lastKnownFileType = text.plist.xml; path = Info.plist; sourceTree = "<group>"; };
		33F5721C26E6AD4200AB636F /* MoviesViewController.swift */ = {isa = PBXFileReference; lastKnownFileType = sourcecode.swift; path = MoviesViewController.swift; sourceTree = "<group>"; };
		33F5722226E818E100AB636F /* MovieCell.swift */ = {isa = PBXFileReference; lastKnownFileType = sourcecode.swift; path = MovieCell.swift; sourceTree = "<group>"; };
		6048CE44161366AD9B6995FC /* Pods-Flix.debug.xcconfig */ = {isa = PBXFileReference; includeInIndex = 1; lastKnownFileType = text.xcconfig; name = "Pods-Flix.debug.xcconfig"; path = "Target Support Files/Pods-Flix/Pods-Flix.debug.xcconfig"; sourceTree = "<group>"; };
		7C2FEB803B698EE90FA71D98 /* Pods_Flix.framework */ = {isa = PBXFileReference; explicitFileType = wrapper.framework; includeInIndex = 0; path = Pods_Flix.framework; sourceTree = BUILT_PRODUCTS_DIR; };
		9D20CF3EC2BF88465FE7A092 /* Pods-Flix.release.xcconfig */ = {isa = PBXFileReference; includeInIndex = 1; lastKnownFileType = text.xcconfig; name = "Pods-Flix.release.xcconfig"; path = "Target Support Files/Pods-Flix/Pods-Flix.release.xcconfig"; sourceTree = "<group>"; };
		A0932831295647C162A938B1 /* Pods-FlixTests.release.xcconfig */ = {isa = PBXFileReference; includeInIndex = 1; lastKnownFileType = text.xcconfig; name = "Pods-FlixTests.release.xcconfig"; path = "Target Support Files/Pods-FlixTests/Pods-FlixTests.release.xcconfig"; sourceTree = "<group>"; };
		BE39EF6D4C80C44FFC45C9E3 /* Pods-FlixTests.debug.xcconfig */ = {isa = PBXFileReference; includeInIndex = 1; lastKnownFileType = text.xcconfig; name = "Pods-FlixTests.debug.xcconfig"; path = "Target Support Files/Pods-FlixTests/Pods-FlixTests.debug.xcconfig"; sourceTree = "<group>"; };
		CB263605254001F3BDEDBA52 /* Pods_FlixTests.framework */ = {isa = PBXFileReference; explicitFileType = wrapper.framework; includeInIndex = 0; path = Pods_FlixTests.framework; sourceTree = BUILT_PRODUCTS_DIR; };
		DBE8A1B94059D15EEBE49304 /* Pods-Flix-FlixUITests.debug.xcconfig */ = {isa = PBXFileReference; includeInIndex = 1; lastKnownFileType = text.xcconfig; name = "Pods-Flix-FlixUITests.debug.xcconfig"; path = "Target Support Files/Pods-Flix-FlixUITests/Pods-Flix-FlixUITests.debug.xcconfig"; sourceTree = "<group>"; };
		E7CBDBBAB05A107B06074E38 /* Pods_Flix_FlixUITests.framework */ = {isa = PBXFileReference; explicitFileType = wrapper.framework; includeInIndex = 0; path = Pods_Flix_FlixUITests.framework; sourceTree = BUILT_PRODUCTS_DIR; };
/* End PBXFileReference section */

/* Begin PBXFrameworksBuildPhase section */
		33F571E626E6AD1600AB636F /* Frameworks */ = {
			isa = PBXFrameworksBuildPhase;
			buildActionMask = 2147483647;
			files = (
				33F5722626E81DAD00AB636F /* AlamofireImage in Frameworks */,
				E25A750DB1976D67353E0463 /* Pods_Flix.framework in Frameworks */,
			);
			runOnlyForDeploymentPostprocessing = 0;
		};
		33F571FC26E6AD1800AB636F /* Frameworks */ = {
			isa = PBXFrameworksBuildPhase;
			buildActionMask = 2147483647;
			files = (
				3B50AE1EE5A4F8E0EFDA34C8 /* Pods_FlixTests.framework in Frameworks */,
			);
			runOnlyForDeploymentPostprocessing = 0;
		};
		33F5720726E6AD1800AB636F /* Frameworks */ = {
			isa = PBXFrameworksBuildPhase;
			buildActionMask = 2147483647;
			files = (
				E5B823DF1E7AB37F400E5A07 /* Pods_Flix_FlixUITests.framework in Frameworks */,
			);
			runOnlyForDeploymentPostprocessing = 0;
		};
/* End PBXFrameworksBuildPhase section */

/* Begin PBXGroup section */
		2792AA8632CE13870F26AC8D /* Pods */ = {
			isa = PBXGroup;
			children = (
				6048CE44161366AD9B6995FC /* Pods-Flix.debug.xcconfig */,
				9D20CF3EC2BF88465FE7A092 /* Pods-Flix.release.xcconfig */,
				DBE8A1B94059D15EEBE49304 /* Pods-Flix-FlixUITests.debug.xcconfig */,
				3255770145040FD43FB2813F /* Pods-Flix-FlixUITests.release.xcconfig */,
				BE39EF6D4C80C44FFC45C9E3 /* Pods-FlixTests.debug.xcconfig */,
				A0932831295647C162A938B1 /* Pods-FlixTests.release.xcconfig */,
			);
			path = Pods;
			sourceTree = "<group>";
		};
		33F571E026E6AD1600AB636F = {
			isa = PBXGroup;
			children = (
				33F571EB26E6AD1600AB636F /* Flix */,
				33F5720226E6AD1800AB636F /* FlixTests */,
				33F5720D26E6AD1800AB636F /* FlixUITests */,
				33F571EA26E6AD1600AB636F /* Products */,
				2792AA8632CE13870F26AC8D /* Pods */,
				B920797EB96981EB565671F2 /* Frameworks */,
			);
			sourceTree = "<group>";
		};
		33F571EA26E6AD1600AB636F /* Products */ = {
			isa = PBXGroup;
			children = (
				33F571E926E6AD1600AB636F /* Flix.app */,
				33F571FF26E6AD1800AB636F /* FlixTests.xctest */,
				33F5720A26E6AD1800AB636F /* FlixUITests.xctest */,
			);
			name = Products;
			sourceTree = "<group>";
		};
		33F571EB26E6AD1600AB636F /* Flix */ = {
			isa = PBXGroup;
			children = (
				33F571EC26E6AD1600AB636F /* AppDelegate.swift */,
				33F571EE26E6AD1600AB636F /* SceneDelegate.swift */,
				33F571F226E6AD1600AB636F /* Main.storyboard */,
				33F571F526E6AD1700AB636F /* Assets.xcassets */,
				33F571F726E6AD1700AB636F /* LaunchScreen.storyboard */,
				33F571FA26E6AD1700AB636F /* Info.plist */,
				33F5721C26E6AD4200AB636F /* MoviesViewController.swift */,
				33F5722226E818E100AB636F /* MovieCell.swift */,
				33A6208026ED484F00051FD9 /* MovieDetailsViewController.swift */,
				33A6208226EEFA5600051FD9 /* MovieGridViewController.swift */,
				33A6209026F0036900051FD9 /* MovieGridCell.swift */,
			);
			path = Flix;
			sourceTree = "<group>";
		};
		33F5720226E6AD1800AB636F /* FlixTests */ = {
			isa = PBXGroup;
			children = (
				33F5720326E6AD1800AB636F /* FlixTests.swift */,
				33F5720526E6AD1800AB636F /* Info.plist */,
			);
			path = FlixTests;
			sourceTree = "<group>";
		};
		33F5720D26E6AD1800AB636F /* FlixUITests */ = {
			isa = PBXGroup;
			children = (
				33F5720E26E6AD1800AB636F /* FlixUITests.swift */,
				33F5721026E6AD1800AB636F /* Info.plist */,
			);
			path = FlixUITests;
			sourceTree = "<group>";
		};
		B920797EB96981EB565671F2 /* Frameworks */ = {
			isa = PBXGroup;
			children = (
				7C2FEB803B698EE90FA71D98 /* Pods_Flix.framework */,
				E7CBDBBAB05A107B06074E38 /* Pods_Flix_FlixUITests.framework */,
				CB263605254001F3BDEDBA52 /* Pods_FlixTests.framework */,
			);
			name = Frameworks;
			sourceTree = "<group>";
		};
/* End PBXGroup section */

/* Begin PBXNativeTarget section */
		33F571E826E6AD1600AB636F /* Flix */ = {
			isa = PBXNativeTarget;
			buildConfigurationList = 33F5721326E6AD1800AB636F /* Build configuration list for PBXNativeTarget "Flix" */;
			buildPhases = (
				BC72901FBAEA32F8CCDA8B21 /* [CP] Check Pods Manifest.lock */,
				33F571E526E6AD1600AB636F /* Sources */,
				33F571E626E6AD1600AB636F /* Frameworks */,
				33F571E726E6AD1600AB636F /* Resources */,
				980EDBF77E578C32C60E357B /* [CP] Embed Pods Frameworks */,
			);
			buildRules = (
			);
			dependencies = (
			);
			name = Flix;
			packageProductDependencies = (
				33F5722526E81DAD00AB636F /* AlamofireImage */,
			);
			productName = Flix;
			productReference = 33F571E926E6AD1600AB636F /* Flix.app */;
			productType = "com.apple.product-type.application";
		};
		33F571FE26E6AD1800AB636F /* FlixTests */ = {
			isa = PBXNativeTarget;
			buildConfigurationList = 33F5721626E6AD1800AB636F /* Build configuration list for PBXNativeTarget "FlixTests" */;
			buildPhases = (
				DFE7757F193D671407CC981F /* [CP] Check Pods Manifest.lock */,
				33F571FB26E6AD1800AB636F /* Sources */,
				33F571FC26E6AD1800AB636F /* Frameworks */,
				33F571FD26E6AD1800AB636F /* Resources */,
			);
			buildRules = (
			);
			dependencies = (
				33F5720126E6AD1800AB636F /* PBXTargetDependency */,
			);
			name = FlixTests;
			productName = FlixTests;
			productReference = 33F571FF26E6AD1800AB636F /* FlixTests.xctest */;
			productType = "com.apple.product-type.bundle.unit-test";
		};
		33F5720926E6AD1800AB636F /* FlixUITests */ = {
			isa = PBXNativeTarget;
			buildConfigurationList = 33F5721926E6AD1800AB636F /* Build configuration list for PBXNativeTarget "FlixUITests" */;
			buildPhases = (
				DA5536651D9D5D8069BAA620 /* [CP] Check Pods Manifest.lock */,
				33F5720626E6AD1800AB636F /* Sources */,
				33F5720726E6AD1800AB636F /* Frameworks */,
				33F5720826E6AD1800AB636F /* Resources */,
				B3A0CF9357EF58B4CBC2998D /* [CP] Embed Pods Frameworks */,
			);
			buildRules = (
			);
			dependencies = (
				33F5720C26E6AD1800AB636F /* PBXTargetDependency */,
			);
			name = FlixUITests;
			productName = FlixUITests;
			productReference = 33F5720A26E6AD1800AB636F /* FlixUITests.xctest */;
			productType = "com.apple.product-type.bundle.ui-testing";
		};
/* End PBXNativeTarget section */

/* Begin PBXProject section */
		33F571E126E6AD1600AB636F /* Project object */ = {
			isa = PBXProject;
			attributes = {
				LastSwiftUpdateCheck = 1250;
				LastUpgradeCheck = 1250;
				TargetAttributes = {
					33F571E826E6AD1600AB636F = {
						CreatedOnToolsVersion = 12.5.1;
					};
					33F571FE26E6AD1800AB636F = {
						CreatedOnToolsVersion = 12.5.1;
						TestTargetID = 33F571E826E6AD1600AB636F;
					};
					33F5720926E6AD1800AB636F = {
						CreatedOnToolsVersion = 12.5.1;
						TestTargetID = 33F571E826E6AD1600AB636F;
					};
				};
			};
			buildConfigurationList = 33F571E426E6AD1600AB636F /* Build configuration list for PBXProject "Flix" */;
			compatibilityVersion = "Xcode 9.3";
			developmentRegion = en;
			hasScannedForEncodings = 0;
			knownRegions = (
				en,
				Base,
			);
			mainGroup = 33F571E026E6AD1600AB636F;
			packageReferences = (
				33F5722426E81DAD00AB636F /* XCRemoteSwiftPackageReference "AlamofireImage" */,
			);
			productRefGroup = 33F571EA26E6AD1600AB636F /* Products */;
			projectDirPath = "";
			projectRoot = "";
			targets = (
				33F571E826E6AD1600AB636F /* Flix */,
				33F571FE26E6AD1800AB636F /* FlixTests */,
				33F5720926E6AD1800AB636F /* FlixUITests */,
			);
		};
/* End PBXProject section */

/* Begin PBXResourcesBuildPhase section */
		33F571E726E6AD1600AB636F /* Resources */ = {
			isa = PBXResourcesBuildPhase;
			buildActionMask = 2147483647;
			files = (
				33F571F926E6AD1700AB636F /* LaunchScreen.storyboard in Resources */,
				33F571F626E6AD1700AB636F /* Assets.xcassets in Resources */,
				33F571F426E6AD1600AB636F /* Main.storyboard in Resources */,
			);
			runOnlyForDeploymentPostprocessing = 0;
		};
		33F571FD26E6AD1800AB636F /* Resources */ = {
			isa = PBXResourcesBuildPhase;
			buildActionMask = 2147483647;
			files = (
			);
			runOnlyForDeploymentPostprocessing = 0;
		};
		33F5720826E6AD1800AB636F /* Resources */ = {
			isa = PBXResourcesBuildPhase;
			buildActionMask = 2147483647;
			files = (
			);
			runOnlyForDeploymentPostprocessing = 0;
		};
/* End PBXResourcesBuildPhase section */

/* Begin PBXShellScriptBuildPhase section */
		980EDBF77E578C32C60E357B /* [CP] Embed Pods Frameworks */ = {
			isa = PBXShellScriptBuildPhase;
			buildActionMask = 2147483647;
			files = (
			);
			inputFileListPaths = (
				"${PODS_ROOT}/Target Support Files/Pods-Flix/Pods-Flix-frameworks-${CONFIGURATION}-input-files.xcfilelist",
			);
			name = "[CP] Embed Pods Frameworks";
			outputFileListPaths = (
				"${PODS_ROOT}/Target Support Files/Pods-Flix/Pods-Flix-frameworks-${CONFIGURATION}-output-files.xcfilelist",
			);
			runOnlyForDeploymentPostprocessing = 0;
			shellPath = /bin/sh;
			shellScript = "\"${PODS_ROOT}/Target Support Files/Pods-Flix/Pods-Flix-frameworks.sh\"\n";
			showEnvVarsInLog = 0;
		};
		B3A0CF9357EF58B4CBC2998D /* [CP] Embed Pods Frameworks */ = {
			isa = PBXShellScriptBuildPhase;
			buildActionMask = 2147483647;
			files = (
			);
			inputFileListPaths = (
				"${PODS_ROOT}/Target Support Files/Pods-Flix-FlixUITests/Pods-Flix-FlixUITests-frameworks-${CONFIGURATION}-input-files.xcfilelist",
			);
			name = "[CP] Embed Pods Frameworks";
			outputFileListPaths = (
				"${PODS_ROOT}/Target Support Files/Pods-Flix-FlixUITests/Pods-Flix-FlixUITests-frameworks-${CONFIGURATION}-output-files.xcfilelist",
			);
			runOnlyForDeploymentPostprocessing = 0;
			shellPath = /bin/sh;
			shellScript = "\"${PODS_ROOT}/Target Support Files/Pods-Flix-FlixUITests/Pods-Flix-FlixUITests-frameworks.sh\"\n";
			showEnvVarsInLog = 0;
		};
		BC72901FBAEA32F8CCDA8B21 /* [CP] Check Pods Manifest.lock */ = {
			isa = PBXShellScriptBuildPhase;
			buildActionMask = 2147483647;
			files = (
			);
			inputFileListPaths = (
			);
			inputPaths = (
				"${PODS_PODFILE_DIR_PATH}/Podfile.lock",
				"${PODS_ROOT}/Manifest.lock",
			);
			name = "[CP] Check Pods Manifest.lock";
			outputFileListPaths = (
			);
			outputPaths = (
				"$(DERIVED_FILE_DIR)/Pods-Flix-checkManifestLockResult.txt",
			);
			runOnlyForDeploymentPostprocessing = 0;
			shellPath = /bin/sh;
			shellScript = "diff \"${PODS_PODFILE_DIR_PATH}/Podfile.lock\" \"${PODS_ROOT}/Manifest.lock\" > /dev/null\nif [ $? != 0 ] ; then\n    # print error to STDERR\n    echo \"error: The sandbox is not in sync with the Podfile.lock. Run 'pod install' or update your CocoaPods installation.\" >&2\n    exit 1\nfi\n# This output is used by Xcode 'outputs' to avoid re-running this script phase.\necho \"SUCCESS\" > \"${SCRIPT_OUTPUT_FILE_0}\"\n";
			showEnvVarsInLog = 0;
		};
		DA5536651D9D5D8069BAA620 /* [CP] Check Pods Manifest.lock */ = {
			isa = PBXShellScriptBuildPhase;
			buildActionMask = 2147483647;
			files = (
			);
			inputFileListPaths = (
			);
			inputPaths = (
				"${PODS_PODFILE_DIR_PATH}/Podfile.lock",
				"${PODS_ROOT}/Manifest.lock",
			);
			name = "[CP] Check Pods Manifest.lock";
			outputFileListPaths = (
			);
			outputPaths = (
				"$(DERIVED_FILE_DIR)/Pods-Flix-FlixUITests-checkManifestLockResult.txt",
			);
			runOnlyForDeploymentPostprocessing = 0;
			shellPath = /bin/sh;
			shellScript = "diff \"${PODS_PODFILE_DIR_PATH}/Podfile.lock\" \"${PODS_ROOT}/Manifest.lock\" > /dev/null\nif [ $? != 0 ] ; then\n    # print error to STDERR\n    echo \"error: The sandbox is not in sync with the Podfile.lock. Run 'pod install' or update your CocoaPods installation.\" >&2\n    exit 1\nfi\n# This output is used by Xcode 'outputs' to avoid re-running this script phase.\necho \"SUCCESS\" > \"${SCRIPT_OUTPUT_FILE_0}\"\n";
			showEnvVarsInLog = 0;
		};
		DFE7757F193D671407CC981F /* [CP] Check Pods Manifest.lock */ = {
			isa = PBXShellScriptBuildPhase;
			buildActionMask = 2147483647;
			files = (
			);
			inputFileListPaths = (
			);
			inputPaths = (
				"${PODS_PODFILE_DIR_PATH}/Podfile.lock",
				"${PODS_ROOT}/Manifest.lock",
			);
			name = "[CP] Check Pods Manifest.lock";
			outputFileListPaths = (
			);
			outputPaths = (
				"$(DERIVED_FILE_DIR)/Pods-FlixTests-checkManifestLockResult.txt",
			);
			runOnlyForDeploymentPostprocessing = 0;
			shellPath = /bin/sh;
			shellScript = "diff \"${PODS_PODFILE_DIR_PATH}/Podfile.lock\" \"${PODS_ROOT}/Manifest.lock\" > /dev/null\nif [ $? != 0 ] ; then\n    # print error to STDERR\n    echo \"error: The sandbox is not in sync with the Podfile.lock. Run 'pod install' or update your CocoaPods installation.\" >&2\n    exit 1\nfi\n# This output is used by Xcode 'outputs' to avoid re-running this script phase.\necho \"SUCCESS\" > \"${SCRIPT_OUTPUT_FILE_0}\"\n";
			showEnvVarsInLog = 0;
		};
/* End PBXShellScriptBuildPhase section */

/* Begin PBXSourcesBuildPhase section */
		33F571E526E6AD1600AB636F /* Sources */ = {
			isa = PBXSourcesBuildPhase;
			buildActionMask = 2147483647;
			files = (
				33A6208126ED484F00051FD9 /* MovieDetailsViewController.swift in Sources */,
				33F571ED26E6AD1600AB636F /* AppDelegate.swift in Sources */,
				33F571EF26E6AD1600AB636F /* SceneDelegate.swift in Sources */,
				33F5722326E818E100AB636F /* MovieCell.swift in Sources */,
				33F5721D26E6AD4200AB636F /* MoviesViewController.swift in Sources */,
				33A6208326EEFA5600051FD9 /* MovieGridViewController.swift in Sources */,
				33A6209126F0036900051FD9 /* MovieGridCell.swift in Sources */,
			);
			runOnlyForDeploymentPostprocessing = 0;
		};
		33F571FB26E6AD1800AB636F /* Sources */ = {
			isa = PBXSourcesBuildPhase;
			buildActionMask = 2147483647;
			files = (
				33F5720426E6AD1800AB636F /* FlixTests.swift in Sources */,
			);
			runOnlyForDeploymentPostprocessing = 0;
		};
		33F5720626E6AD1800AB636F /* Sources */ = {
			isa = PBXSourcesBuildPhase;
			buildActionMask = 2147483647;
			files = (
				33F5720F26E6AD1800AB636F /* FlixUITests.swift in Sources */,
			);
			runOnlyForDeploymentPostprocessing = 0;
		};
/* End PBXSourcesBuildPhase section */

/* Begin PBXTargetDependency section */
		33F5720126E6AD1800AB636F /* PBXTargetDependency */ = {
			isa = PBXTargetDependency;
			target = 33F571E826E6AD1600AB636F /* Flix */;
			targetProxy = 33F5720026E6AD1800AB636F /* PBXContainerItemProxy */;
		};
		33F5720C26E6AD1800AB636F /* PBXTargetDependency */ = {
			isa = PBXTargetDependency;
			target = 33F571E826E6AD1600AB636F /* Flix */;
			targetProxy = 33F5720B26E6AD1800AB636F /* PBXContainerItemProxy */;
		};
/* End PBXTargetDependency section */

/* Begin PBXVariantGroup section */
		33F571F226E6AD1600AB636F /* Main.storyboard */ = {
			isa = PBXVariantGroup;
			children = (
				33F571F326E6AD1600AB636F /* Base */,
			);
			name = Main.storyboard;
			sourceTree = "<group>";
		};
		33F571F726E6AD1700AB636F /* LaunchScreen.storyboard */ = {
			isa = PBXVariantGroup;
			children = (
				33F571F826E6AD1700AB636F /* Base */,
			);
			name = LaunchScreen.storyboard;
			sourceTree = "<group>";
		};
/* End PBXVariantGroup section */

/* Begin XCBuildConfiguration section */
		33F5721126E6AD1800AB636F /* Debug */ = {
			isa = XCBuildConfiguration;
			buildSettings = {
				ALWAYS_SEARCH_USER_PATHS = NO;
				CLANG_ANALYZER_NONNULL = YES;
				CLANG_ANALYZER_NUMBER_OBJECT_CONVERSION = YES_AGGRESSIVE;
				CLANG_CXX_LANGUAGE_STANDARD = "gnu++14";
				CLANG_CXX_LIBRARY = "libc++";
				CLANG_ENABLE_MODULES = YES;
				CLANG_ENABLE_OBJC_ARC = YES;
				CLANG_ENABLE_OBJC_WEAK = YES;
				CLANG_WARN_BLOCK_CAPTURE_AUTORELEASING = YES;
				CLANG_WARN_BOOL_CONVERSION = YES;
				CLANG_WARN_COMMA = YES;
				CLANG_WARN_CONSTANT_CONVERSION = YES;
				CLANG_WARN_DEPRECATED_OBJC_IMPLEMENTATIONS = YES;
				CLANG_WARN_DIRECT_OBJC_ISA_USAGE = YES_ERROR;
				CLANG_WARN_DOCUMENTATION_COMMENTS = YES;
				CLANG_WARN_EMPTY_BODY = YES;
				CLANG_WARN_ENUM_CONVERSION = YES;
				CLANG_WARN_INFINITE_RECURSION = YES;
				CLANG_WARN_INT_CONVERSION = YES;
				CLANG_WARN_NON_LITERAL_NULL_CONVERSION = YES;
				CLANG_WARN_OBJC_IMPLICIT_RETAIN_SELF = YES;
				CLANG_WARN_OBJC_LITERAL_CONVERSION = YES;
				CLANG_WARN_OBJC_ROOT_CLASS = YES_ERROR;
				CLANG_WARN_QUOTED_INCLUDE_IN_FRAMEWORK_HEADER = YES;
				CLANG_WARN_RANGE_LOOP_ANALYSIS = YES;
				CLANG_WARN_STRICT_PROTOTYPES = YES;
				CLANG_WARN_SUSPICIOUS_MOVE = YES;
				CLANG_WARN_UNGUARDED_AVAILABILITY = YES_AGGRESSIVE;
				CLANG_WARN_UNREACHABLE_CODE = YES;
				CLANG_WARN__DUPLICATE_METHOD_MATCH = YES;
				COPY_PHASE_STRIP = NO;
				DEBUG_INFORMATION_FORMAT = dwarf;
				ENABLE_STRICT_OBJC_MSGSEND = YES;
				ENABLE_TESTABILITY = YES;
				GCC_C_LANGUAGE_STANDARD = gnu11;
				GCC_DYNAMIC_NO_PIC = NO;
				GCC_NO_COMMON_BLOCKS = YES;
				GCC_OPTIMIZATION_LEVEL = 0;
				GCC_PREPROCESSOR_DEFINITIONS = (
					"DEBUG=1",
					"$(inherited)",
				);
				GCC_WARN_64_TO_32_BIT_CONVERSION = YES;
				GCC_WARN_ABOUT_RETURN_TYPE = YES_ERROR;
				GCC_WARN_UNDECLARED_SELECTOR = YES;
				GCC_WARN_UNINITIALIZED_AUTOS = YES_AGGRESSIVE;
				GCC_WARN_UNUSED_FUNCTION = YES;
				GCC_WARN_UNUSED_VARIABLE = YES;
				IPHONEOS_DEPLOYMENT_TARGET = 14.5;
				MTL_ENABLE_DEBUG_INFO = INCLUDE_SOURCE;
				MTL_FAST_MATH = YES;
				ONLY_ACTIVE_ARCH = YES;
				SDKROOT = iphoneos;
				SWIFT_ACTIVE_COMPILATION_CONDITIONS = DEBUG;
				SWIFT_OPTIMIZATION_LEVEL = "-Onone";
			};
			name = Debug;
		};
		33F5721226E6AD1800AB636F /* Release */ = {
			isa = XCBuildConfiguration;
			buildSettings = {
				ALWAYS_SEARCH_USER_PATHS = NO;
				CLANG_ANALYZER_NONNULL = YES;
				CLANG_ANALYZER_NUMBER_OBJECT_CONVERSION = YES_AGGRESSIVE;
				CLANG_CXX_LANGUAGE_STANDARD = "gnu++14";
				CLANG_CXX_LIBRARY = "libc++";
				CLANG_ENABLE_MODULES = YES;
				CLANG_ENABLE_OBJC_ARC = YES;
				CLANG_ENABLE_OBJC_WEAK = YES;
				CLANG_WARN_BLOCK_CAPTURE_AUTORELEASING = YES;
				CLANG_WARN_BOOL_CONVERSION = YES;
				CLANG_WARN_COMMA = YES;
				CLANG_WARN_CONSTANT_CONVERSION = YES;
				CLANG_WARN_DEPRECATED_OBJC_IMPLEMENTATIONS = YES;
				CLANG_WARN_DIRECT_OBJC_ISA_USAGE = YES_ERROR;
				CLANG_WARN_DOCUMENTATION_COMMENTS = YES;
				CLANG_WARN_EMPTY_BODY = YES;
				CLANG_WARN_ENUM_CONVERSION = YES;
				CLANG_WARN_INFINITE_RECURSION = YES;
				CLANG_WARN_INT_CONVERSION = YES;
				CLANG_WARN_NON_LITERAL_NULL_CONVERSION = YES;
				CLANG_WARN_OBJC_IMPLICIT_RETAIN_SELF = YES;
				CLANG_WARN_OBJC_LITERAL_CONVERSION = YES;
				CLANG_WARN_OBJC_ROOT_CLASS = YES_ERROR;
				CLANG_WARN_QUOTED_INCLUDE_IN_FRAMEWORK_HEADER = YES;
				CLANG_WARN_RANGE_LOOP_ANALYSIS = YES;
				CLANG_WARN_STRICT_PROTOTYPES = YES;
				CLANG_WARN_SUSPICIOUS_MOVE = YES;
				CLANG_WARN_UNGUARDED_AVAILABILITY = YES_AGGRESSIVE;
				CLANG_WARN_UNREACHABLE_CODE = YES;
				CLANG_WARN__DUPLICATE_METHOD_MATCH = YES;
				COPY_PHASE_STRIP = NO;
				DEBUG_INFORMATION_FORMAT = "dwarf-with-dsym";
				ENABLE_NS_ASSERTIONS = NO;
				ENABLE_STRICT_OBJC_MSGSEND = YES;
				GCC_C_LANGUAGE_STANDARD = gnu11;
				GCC_NO_COMMON_BLOCKS = YES;
				GCC_WARN_64_TO_32_BIT_CONVERSION = YES;
				GCC_WARN_ABOUT_RETURN_TYPE = YES_ERROR;
				GCC_WARN_UNDECLARED_SELECTOR = YES;
				GCC_WARN_UNINITIALIZED_AUTOS = YES_AGGRESSIVE;
				GCC_WARN_UNUSED_FUNCTION = YES;
				GCC_WARN_UNUSED_VARIABLE = YES;
				IPHONEOS_DEPLOYMENT_TARGET = 14.5;
				MTL_ENABLE_DEBUG_INFO = NO;
				MTL_FAST_MATH = YES;
				SDKROOT = iphoneos;
				SWIFT_COMPILATION_MODE = wholemodule;
				SWIFT_OPTIMIZATION_LEVEL = "-O";
				VALIDATE_PRODUCT = YES;
			};
			name = Release;
		};
		33F5721426E6AD1800AB636F /* Debug */ = {
			isa = XCBuildConfiguration;
			baseConfigurationReference = 6048CE44161366AD9B6995FC /* Pods-Flix.debug.xcconfig */;
			buildSettings = {
				ASSETCATALOG_COMPILER_APPICON_NAME = AppIcon;
				ASSETCATALOG_COMPILER_GLOBAL_ACCENT_COLOR_NAME = AccentColor;
				CODE_SIGN_STYLE = Automatic;
				INFOPLIST_FILE = Flix/Info.plist;
				LD_RUNPATH_SEARCH_PATHS = (
					"$(inherited)",
					"@executable_path/Frameworks",
				);
				PRODUCT_BUNDLE_IDENTIFIER = Dani.Flix;
				PRODUCT_NAME = "$(TARGET_NAME)";
				SWIFT_VERSION = 5.0;
				TARGETED_DEVICE_FAMILY = "1,2";
			};
			name = Debug;
		};
		33F5721526E6AD1800AB636F /* Release */ = {
			isa = XCBuildConfiguration;
			baseConfigurationReference = 9D20CF3EC2BF88465FE7A092 /* Pods-Flix.release.xcconfig */;
			buildSettings = {
				ASSETCATALOG_COMPILER_APPICON_NAME = AppIcon;
				ASSETCATALOG_COMPILER_GLOBAL_ACCENT_COLOR_NAME = AccentColor;
				CODE_SIGN_STYLE = Automatic;
				INFOPLIST_FILE = Flix/Info.plist;
				LD_RUNPATH_SEARCH_PATHS = (
					"$(inherited)",
					"@executable_path/Frameworks",
				);
				PRODUCT_BUNDLE_IDENTIFIER = Dani.Flix;
				PRODUCT_NAME = "$(TARGET_NAME)";
				SWIFT_VERSION = 5.0;
				TARGETED_DEVICE_FAMILY = "1,2";
			};
			name = Release;
		};
		33F5721726E6AD1800AB636F /* Debug */ = {
			isa = XCBuildConfiguration;
			baseConfigurationReference = BE39EF6D4C80C44FFC45C9E3 /* Pods-FlixTests.debug.xcconfig */;
			buildSettings = {
				ALWAYS_EMBED_SWIFT_STANDARD_LIBRARIES = YES;
				BUNDLE_LOADER = "$(TEST_HOST)";
				CODE_SIGN_STYLE = Automatic;
				INFOPLIST_FILE = FlixTests/Info.plist;
				IPHONEOS_DEPLOYMENT_TARGET = 14.5;
				LD_RUNPATH_SEARCH_PATHS = (
					"$(inherited)",
					"@executable_path/Frameworks",
					"@loader_path/Frameworks",
				);
				PRODUCT_BUNDLE_IDENTIFIER = Dani.FlixTests;
				PRODUCT_NAME = "$(TARGET_NAME)";
				SWIFT_VERSION = 5.0;
				TARGETED_DEVICE_FAMILY = "1,2";
				TEST_HOST = "$(BUILT_PRODUCTS_DIR)/Flix.app/Flix";
			};
			name = Debug;
		};
		33F5721826E6AD1800AB636F /* Release */ = {
			isa = XCBuildConfiguration;
			baseConfigurationReference = A0932831295647C162A938B1 /* Pods-FlixTests.release.xcconfig */;
			buildSettings = {
				ALWAYS_EMBED_SWIFT_STANDARD_LIBRARIES = YES;
				BUNDLE_LOADER = "$(TEST_HOST)";
				CODE_SIGN_STYLE = Automatic;
				INFOPLIST_FILE = FlixTests/Info.plist;
				IPHONEOS_DEPLOYMENT_TARGET = 14.5;
				LD_RUNPATH_SEARCH_PATHS = (
					"$(inherited)",
					"@executable_path/Frameworks",
					"@loader_path/Frameworks",
				);
				PRODUCT_BUNDLE_IDENTIFIER = Dani.FlixTests;
				PRODUCT_NAME = "$(TARGET_NAME)";
				SWIFT_VERSION = 5.0;
				TARGETED_DEVICE_FAMILY = "1,2";
				TEST_HOST = "$(BUILT_PRODUCTS_DIR)/Flix.app/Flix";
			};
			name = Release;
		};
		33F5721A26E6AD1800AB636F /* Debug */ = {
			isa = XCBuildConfiguration;
			baseConfigurationReference = DBE8A1B94059D15EEBE49304 /* Pods-Flix-FlixUITests.debug.xcconfig */;
			buildSettings = {
				ALWAYS_EMBED_SWIFT_STANDARD_LIBRARIES = YES;
				CODE_SIGN_STYLE = Automatic;
				INFOPLIST_FILE = FlixUITests/Info.plist;
				LD_RUNPATH_SEARCH_PATHS = (
					"$(inherited)",
					"@executable_path/Frameworks",
					"@loader_path/Frameworks",
				);
				PRODUCT_BUNDLE_IDENTIFIER = Dani.FlixUITests;
				PRODUCT_NAME = "$(TARGET_NAME)";
				SWIFT_VERSION = 5.0;
				TARGETED_DEVICE_FAMILY = "1,2";
				TEST_TARGET_NAME = Flix;
			};
			name = Debug;
		};
		33F5721B26E6AD1800AB636F /* Release */ = {
			isa = XCBuildConfiguration;
			baseConfigurationReference = 3255770145040FD43FB2813F /* Pods-Flix-FlixUITests.release.xcconfig */;
			buildSettings = {
				ALWAYS_EMBED_SWIFT_STANDARD_LIBRARIES = YES;
				CODE_SIGN_STYLE = Automatic;
				INFOPLIST_FILE = FlixUITests/Info.plist;
				LD_RUNPATH_SEARCH_PATHS = (
					"$(inherited)",
					"@executable_path/Frameworks",
					"@loader_path/Frameworks",
				);
				PRODUCT_BUNDLE_IDENTIFIER = Dani.FlixUITests;
				PRODUCT_NAME = "$(TARGET_NAME)";
				SWIFT_VERSION = 5.0;
				TARGETED_DEVICE_FAMILY = "1,2";
				TEST_TARGET_NAME = Flix;
			};
			name = Release;
		};
/* End XCBuildConfiguration section */

/* Begin XCConfigurationList section */
		33F571E426E6AD1600AB636F /* Build configuration list for PBXProject "Flix" */ = {
			isa = XCConfigurationList;
			buildConfigurations = (
				33F5721126E6AD1800AB636F /* Debug */,
				33F5721226E6AD1800AB636F /* Release */,
			);
			defaultConfigurationIsVisible = 0;
			defaultConfigurationName = Release;
		};
		33F5721326E6AD1800AB636F /* Build configuration list for PBXNativeTarget "Flix" */ = {
			isa = XCConfigurationList;
			buildConfigurations = (
				33F5721426E6AD1800AB636F /* Debug */,
				33F5721526E6AD1800AB636F /* Release */,
			);
			defaultConfigurationIsVisible = 0;
			defaultConfigurationName = Release;
		};
		33F5721626E6AD1800AB636F /* Build configuration list for PBXNativeTarget "FlixTests" */ = {
			isa = XCConfigurationList;
			buildConfigurations = (
				33F5721726E6AD1800AB636F /* Debug */,
				33F5721826E6AD1800AB636F /* Release */,
			);
			defaultConfigurationIsVisible = 0;
			defaultConfigurationName = Release;
		};
		33F5721926E6AD1800AB636F /* Build configuration list for PBXNativeTarget "FlixUITests" */ = {
			isa = XCConfigurationList;
			buildConfigurations = (
				33F5721A26E6AD1800AB636F /* Debug */,
				33F5721B26E6AD1800AB636F /* Release */,
			);
			defaultConfigurationIsVisible = 0;
			defaultConfigurationName = Release;
		};
/* End XCConfigurationList section */

/* Begin XCRemoteSwiftPackageReference section */
		33F5722426E81DAD00AB636F /* XCRemoteSwiftPackageReference "AlamofireImage" */ = {
			isa = XCRemoteSwiftPackageReference;
			repositoryURL = "https://github.com/Alamofire/AlamofireImage";
			requirement = {
				kind = upToNextMajorVersion;
				minimumVersion = 4.2.0;
			};
		};
/* End XCRemoteSwiftPackageReference section */

/* Begin XCSwiftPackageProductDependency section */
		33F5722526E81DAD00AB636F /* AlamofireImage */ = {
			isa = XCSwiftPackageProductDependency;
			package = 33F5722426E81DAD00AB636F /* XCRemoteSwiftPackageReference "AlamofireImage" */;
			productName = AlamofireImage;
		};
/* End XCSwiftPackageProductDependency section */
	};
	rootObject = 33F571E126E6AD1600AB636F /* Project object */;
}
